# This file is automatically @generated by Cargo.
# It is not intended for manual editing.
version = 3

[[package]]
name = "anyhow"
version = "1.0.71"
source = "registry+https://github.com/rust-lang/crates.io-index"
checksum = "9c7d0618f0e0b7e8ff11427422b64564d5fb0be1940354bfe2e0529b18a9d9b8"

[[package]]
name = "atomic_refcell"
version = "0.1.10"
source = "registry+https://github.com/rust-lang/crates.io-index"
checksum = "79d6dc922a2792b006573f60b2648076355daeae5ce9cb59507e5908c9625d31"

[[package]]
name = "autocfg"
version = "1.1.0"
source = "registry+https://github.com/rust-lang/crates.io-index"
checksum = "d468802bab17cbc0cc575e9b053f41e72aa36bfa6b7f55e3529ffa43161b97fa"

[[package]]
name = "bitflags"
version = "1.3.2"
source = "registry+https://github.com/rust-lang/crates.io-index"
checksum = "bef38d45163c2f1dde094a7dfd33ccf595c92905c8f8f4fdc18d06fb1037718a"

[[package]]
name = "cfg-expr"
version = "0.15.1"
source = "registry+https://github.com/rust-lang/crates.io-index"
checksum = "c8790cf1286da485c72cf5fc7aeba308438800036ec67d89425924c4807268c9"
dependencies = [
 "smallvec",
 "target-lexicon",
]

[[package]]
name = "cfg-if"
version = "1.0.0"
source = "registry+https://github.com/rust-lang/crates.io-index"
checksum = "baf1de4339761588bc0619e3cbc0120ee582ebb74b53b4efbf79117bd2da40fd"

[[package]]
name = "futures-channel"
version = "0.3.28"
source = "registry+https://github.com/rust-lang/crates.io-index"
checksum = "955518d47e09b25bbebc7a18df10b81f0c766eaf4c4f1cccef2fca5f2a4fb5f2"
dependencies = [
 "futures-core",
]

[[package]]
name = "futures-core"
version = "0.3.28"
source = "registry+https://github.com/rust-lang/crates.io-index"
checksum = "4bca583b7e26f571124fe5b7561d49cb2868d79116cfa0eefce955557c6fee8c"

[[package]]
name = "futures-executor"
version = "0.3.28"
source = "registry+https://github.com/rust-lang/crates.io-index"
checksum = "ccecee823288125bd88b4d7f565c9e58e41858e47ab72e8ea2d64e93624386e0"
dependencies = [
 "futures-core",
 "futures-task",
 "futures-util",
]

[[package]]
name = "futures-macro"
version = "0.3.28"
source = "registry+https://github.com/rust-lang/crates.io-index"
checksum = "89ca545a94061b6365f2c7355b4b32bd20df3ff95f02da9329b34ccc3bd6ee72"
dependencies = [
 "proc-macro2",
 "quote",
 "syn 2.0.16",
]

[[package]]
name = "futures-task"
version = "0.3.28"
source = "registry+https://github.com/rust-lang/crates.io-index"
checksum = "76d3d132be6c0e6aa1534069c705a74a5997a356c0dc2f86a47765e5617c5b65"

[[package]]
name = "futures-util"
version = "0.3.28"
source = "registry+https://github.com/rust-lang/crates.io-index"
checksum = "26b01e40b772d54cf6c6d721c1d1abd0647a0106a12ecaa1c186273392a69533"
dependencies = [
 "futures-core",
 "futures-macro",
 "futures-task",
 "pin-project-lite",
 "pin-utils",
 "slab",
]

[[package]]
name = "gio-sys"
version = "0.16.3"
source = "registry+https://github.com/rust-lang/crates.io-index"
checksum = "e9b693b8e39d042a95547fc258a7b07349b1f0b48f4b2fa3108ba3c51c0b5229"
dependencies = [
 "glib-sys",
 "gobject-sys",
 "libc",
 "system-deps",
 "winapi",
]

[[package]]
name = "glib"
version = "0.16.7"
source = "registry+https://github.com/rust-lang/crates.io-index"
checksum = "ddd4df61a866ed7259d6189b8bcb1464989a77f1d85d25d002279bbe9dd38b2f"
dependencies = [
 "bitflags",
 "futures-channel",
 "futures-core",
 "futures-executor",
 "futures-task",
 "futures-util",
 "gio-sys",
 "glib-macros",
 "glib-sys",
 "gobject-sys",
 "libc",
 "once_cell",
 "smallvec",
 "thiserror",
]

[[package]]
name = "glib-macros"
version = "0.16.8"
source = "registry+https://github.com/rust-lang/crates.io-index"
checksum = "fb1a9325847aa46f1e96ffea37611b9d51fc4827e67f79e7de502a297560a67b"
dependencies = [
 "anyhow",
 "heck",
 "proc-macro-crate",
 "proc-macro-error",
 "proc-macro2",
 "quote",
 "syn 1.0.109",
]

[[package]]
name = "glib-sys"
version = "0.16.3"
source = "registry+https://github.com/rust-lang/crates.io-index"
checksum = "c61a4f46316d06bfa33a7ac22df6f0524c8be58e3db2d9ca99ccb1f357b62a65"
dependencies = [
 "libc",
 "system-deps",
]

[[package]]
name = "gobject-sys"
version = "0.16.3"
source = "registry+https://github.com/rust-lang/crates.io-index"
checksum = "3520bb9c07ae2a12c7f2fbb24d4efc11231c8146a86956413fb1a79bb760a0f1"
dependencies = [
 "glib-sys",
 "libc",
 "system-deps",
]

[[package]]
name = "gst-plugin-unifiedbin"
version = "1.0.0"
dependencies = [
 "gstreamer",
 "gstreamer-video",
 "once_cell",
]

[[package]]
name = "gstreamer"
version = "0.19.8"
source = "registry+https://github.com/rust-lang/crates.io-index"
checksum = "85fc926d081923c840403ec5ec3b2157a7cd236a2587c3031a4f0206f13ed500"
dependencies = [
 "bitflags",
 "cfg-if",
 "futures-channel",
 "futures-core",
 "futures-util",
 "glib",
 "gstreamer-sys",
 "libc",
 "muldiv",
 "num-integer",
 "num-rational",
 "once_cell",
 "option-operations",
 "paste",
 "pretty-hex",
 "thiserror",
]

[[package]]
name = "gstreamer-base"
version = "0.19.3"
source = "registry+https://github.com/rust-lang/crates.io-index"
checksum = "a61a299f9ea2ca892b43e2e428b86c679875e95ba23f8ae06fd730308df630f0"
dependencies = [
 "atomic_refcell",
 "bitflags",
 "cfg-if",
 "glib",
 "gstreamer",
 "gstreamer-base-sys",
 "libc",
]

[[package]]
name = "gstreamer-base-sys"
version = "0.19.3"
source = "registry+https://github.com/rust-lang/crates.io-index"
checksum = "dbc3c4476e1503ae245c89fbe20060c30ec6ade5f44620bcc402cbc70a3911a1"
dependencies = [
 "glib-sys",
 "gobject-sys",
 "gstreamer-sys",
 "libc",
 "system-deps",
]

[[package]]
name = "gstreamer-sys"
version = "0.19.4"
source = "registry+https://github.com/rust-lang/crates.io-index"
checksum = "545f52ad8a480732cc4290fd65dfe42952c8ae374fe581831ba15981fedf18a4"
dependencies = [
 "glib-sys",
 "gobject-sys",
 "libc",
 "system-deps",
]

[[package]]
name = "gstreamer-video"
version = "0.19.5"
source = "registry+https://github.com/rust-lang/crates.io-index"
checksum = "eb19dcbdd5436483e764318bef157070f192acc5b1199e85878723a9ce33d4e3"
dependencies = [
 "bitflags",
 "cfg-if",
 "futures-channel",
 "glib",
 "gstreamer",
 "gstreamer-base",
 "gstreamer-video-sys",
 "libc",
 "once_cell",
]

[[package]]
name = "gstreamer-video-sys"
version = "0.19.5"
source = "registry+https://github.com/rust-lang/crates.io-index"
checksum = "7546bc798c898f2083330d81a7efff48f65a31b03873f410538032d26ec0cdc7"
dependencies = [
 "glib-sys",
 "gobject-sys",
 "gstreamer-base-sys",
 "gstreamer-sys",
 "libc",
 "system-deps",
]

[[package]]
name = "hashbrown"
version = "0.12.3"
source = "registry+https://github.com/rust-lang/crates.io-index"
checksum = "8a9ee70c43aaf417c914396645a0fa852624801b24ebb7ae78fe8272889ac888"

[[package]]
name = "heck"
version = "0.4.1"
source = "registry+https://github.com/rust-lang/crates.io-index"
checksum = "95505c38b4572b2d910cecb0281560f54b440a19336cbbcb27bf6ce6adc6f5a8"

[[package]]
name = "indexmap"
version = "1.9.3"
source = "registry+https://github.com/rust-lang/crates.io-index"
checksum = "bd070e393353796e801d209ad339e89596eb4c8d430d18ede6a1cced8fafbd99"
dependencies = [
 "autocfg",
 "hashbrown",
]

[[package]]
name = "libc"
version = "0.2.144"
source = "registry+https://github.com/rust-lang/crates.io-index"
checksum = "2b00cc1c228a6782d0f076e7b232802e0c5689d41bb5df366f2a6b6621cfdfe1"

[[package]]
name = "memchr"
version = "2.5.0"
source = "registry+https://github.com/rust-lang/crates.io-index"
checksum = "2dffe52ecf27772e601905b7522cb4ef790d2cc203488bbd0e2fe85fcb74566d"

[[package]]
name = "muldiv"
version = "1.0.1"
source = "registry+https://github.com/rust-lang/crates.io-index"
checksum = "956787520e75e9bd233246045d19f42fb73242759cc57fba9611d940ae96d4b0"

[[package]]
name = "num-integer"
version = "0.1.45"
source = "registry+https://github.com/rust-lang/crates.io-index"
checksum = "225d3389fb3509a24c93f5c29eb6bde2586b98d9f016636dff58d7c6f7569cd9"
dependencies = [
 "autocfg",
 "num-traits",
]

[[package]]
name = "num-rational"
version = "0.4.1"
source = "registry+https://github.com/rust-lang/crates.io-index"
checksum = "0638a1c9d0a3c0914158145bc76cff373a75a627e6ecbfb71cbe6f453a5a19b0"
dependencies = [
 "autocfg",
 "num-integer",
 "num-traits",
]

[[package]]
name = "num-traits"
version = "0.2.15"
source = "registry+https://github.com/rust-lang/crates.io-index"
checksum = "578ede34cf02f8924ab9447f50c28075b4d3e5b269972345e7e0372b38c6cdcd"
dependencies = [
 "autocfg",
]

[[package]]
name = "once_cell"
version = "1.17.1"
source = "registry+https://github.com/rust-lang/crates.io-index"
checksum = "b7e5500299e16ebb147ae15a00a942af264cf3688f47923b8fc2cd5858f23ad3"

[[package]]
name = "option-operations"
version = "0.5.0"
source = "registry+https://github.com/rust-lang/crates.io-index"
checksum = "7c26d27bb1aeab65138e4bf7666045169d1717febcc9ff870166be8348b223d0"
dependencies = [
 "paste",
]

[[package]]
name = "paste"
version = "1.0.12"
source = "registry+https://github.com/rust-lang/crates.io-index"
checksum = "9f746c4065a8fa3fe23974dd82f15431cc8d40779821001404d10d2e79ca7d79"

[[package]]
name = "pin-project-lite"
version = "0.2.9"
source = "registry+https://github.com/rust-lang/crates.io-index"
checksum = "e0a7ae3ac2f1173085d398531c705756c94a4c56843785df85a60c1a0afac116"

[[package]]
name = "pin-utils"
version = "0.1.0"
source = "registry+https://github.com/rust-lang/crates.io-index"
checksum = "8b870d8c151b6f2fb93e84a13146138f05d02ed11c7e7c54f8826aaaf7c9f184"

[[package]]
name = "pkg-config"
version = "0.3.27"
source = "registry+https://github.com/rust-lang/crates.io-index"
checksum = "26072860ba924cbfa98ea39c8c19b4dd6a4a25423dbdf219c1eca91aa0cf6964"

[[package]]
name = "pretty-hex"
version = "0.3.0"
source = "registry+https://github.com/rust-lang/crates.io-index"
checksum = "c6fa0831dd7cc608c38a5e323422a0077678fa5744aa2be4ad91c4ece8eec8d5"

[[package]]
name = "proc-macro-crate"
version = "1.3.1"
source = "registry+https://github.com/rust-lang/crates.io-index"
checksum = "7f4c021e1093a56626774e81216a4ce732a735e5bad4868a03f3ed65ca0c3919"
dependencies = [
 "once_cell",
 "toml_edit",
]

[[package]]
name = "proc-macro-error"
version = "1.0.4"
source = "registry+https://github.com/rust-lang/crates.io-index"
checksum = "da25490ff9892aab3fcf7c36f08cfb902dd3e71ca0f9f9517bea02a73a5ce38c"
dependencies = [
 "proc-macro-error-attr",
 "proc-macro2",
 "quote",
 "syn 1.0.109",
 "version_check",
]

[[package]]
name = "proc-macro-error-attr"
version = "1.0.4"
source = "registry+https://github.com/rust-lang/crates.io-index"
checksum = "a1be40180e52ecc98ad80b184934baf3d0d29f979574e439af5a55274b35f869"
dependencies = [
 "proc-macro2",
 "quote",
 "version_check",
]

[[package]]
name = "proc-macro2"
version = "1.0.58"
source = "registry+https://github.com/rust-lang/crates.io-index"
checksum = "fa1fb82fc0c281dd9671101b66b771ebbe1eaf967b96ac8740dcba4b70005ca8"
dependencies = [
 "unicode-ident",
]

[[package]]
name = "quote"
version = "1.0.27"
source = "registry+https://github.com/rust-lang/crates.io-index"
checksum = "8f4f29d145265ec1c483c7c654450edde0bfe043d3938d6972630663356d9500"
dependencies = [
 "proc-macro2",
]

[[package]]
name = "serde"
version = "1.0.163"
source = "registry+https://github.com/rust-lang/crates.io-index"
checksum = "2113ab51b87a539ae008b5c6c02dc020ffa39afd2d83cffcb3f4eb2722cebec2"

[[package]]
name = "serde_spanned"
version = "0.6.1"
source = "registry+https://github.com/rust-lang/crates.io-index"
checksum = "0efd8caf556a6cebd3b285caf480045fcc1ac04f6bd786b09a6f11af30c4fcf4"
dependencies = [
 "serde",
]

[[package]]
name = "slab"
version = "0.4.8"
source = "registry+https://github.com/rust-lang/crates.io-index"
checksum = "6528351c9bc8ab22353f9d776db39a20288e8d6c37ef8cfe3317cf875eecfc2d"
dependencies = [
 "autocfg",
]

[[package]]
name = "smallvec"
version = "1.10.0"
source = "registry+https://github.com/rust-lang/crates.io-index"
checksum = "a507befe795404456341dfab10cef66ead4c041f62b8b11bbb92bffe5d0953e0"

[[package]]
name = "syn"
version = "1.0.109"
source = "registry+https://github.com/rust-lang/crates.io-index"
checksum = "72b64191b275b66ffe2469e8af2c1cfe3bafa67b529ead792a6d0160888b4237"
dependencies = [
 "proc-macro2",
 "quote",
 "unicode-ident",
]

[[package]]
name = "syn"
version = "2.0.16"
source = "registry+https://github.com/rust-lang/crates.io-index"
checksum = "a6f671d4b5ffdb8eadec19c0ae67fe2639df8684bd7bc4b83d986b8db549cf01"
dependencies = [
 "proc-macro2",
 "quote",
 "unicode-ident",
]

[[package]]
name = "system-deps"
version = "6.1.0"
source = "registry+https://github.com/rust-lang/crates.io-index"
checksum = "e5fa6fb9ee296c0dc2df41a656ca7948546d061958115ddb0bcaae43ad0d17d2"
dependencies = [
 "cfg-expr",
 "heck",
 "pkg-config",
 "toml",
 "version-compare",
]

[[package]]
name = "target-lexicon"
version = "0.12.7"
source = "registry+https://github.com/rust-lang/crates.io-index"
checksum = "fd1ba337640d60c3e96bc6f0638a939b9c9a7f2c316a1598c279828b3d1dc8c5"

[[package]]
name = "thiserror"
version = "1.0.40"
source = "registry+https://github.com/rust-lang/crates.io-index"
checksum = "978c9a314bd8dc99be594bc3c175faaa9794be04a5a5e153caba6915336cebac"
dependencies = [
 "thiserror-impl",
]

[[package]]
name = "thiserror-impl"
version = "1.0.40"
source = "registry+https://github.com/rust-lang/crates.io-index"
checksum = "f9456a42c5b0d803c8cd86e73dd7cc9edd429499f37a3550d286d5e86720569f"
dependencies = [
 "proc-macro2",
 "quote",
 "syn 2.0.16",
]

[[package]]
name = "toml"
version = "0.7.3"
source = "registry+https://github.com/rust-lang/crates.io-index"
checksum = "b403acf6f2bb0859c93c7f0d967cb4a75a7ac552100f9322faf64dc047669b21"
dependencies = [
 "serde",
 "serde_spanned",
 "toml_datetime",
 "toml_edit",
]

[[package]]
name = "toml_datetime"
version = "0.6.1"
source = "registry+https://github.com/rust-lang/crates.io-index"
checksum = "3ab8ed2edee10b50132aed5f331333428b011c99402b5a534154ed15746f9622"
dependencies = [
 "serde",
]

[[package]]
name = "toml_edit"
version = "0.19.8"
source = "registry+https://github.com/rust-lang/crates.io-index"
checksum = "239410c8609e8125456927e6707163a3b1fdb40561e4b803bc041f466ccfdc13"
dependencies = [
 "indexmap",
 "serde",
 "serde_spanned",
 "toml_datetime",
 "winnow",
]

[[package]]
name = "unicode-ident"
version = "1.0.8"
source = "registry+https://github.com/rust-lang/crates.io-index"
checksum = "e5464a87b239f13a63a501f2701565754bae92d243d4bb7eb12f6d57d2269bf4"

[[package]]
name = "version-compare"
version = "0.1.1"
source = "registry+https://github.com/rust-lang/crates.io-index"
checksum = "579a42fc0b8e0c63b76519a339be31bed574929511fa53c1a3acae26eb258f29"

[[package]]
name = "version_check"
version = "0.9.4"
source = "registry+https://github.com/rust-lang/crates.io-index"
checksum = "49874b5167b65d7193b8aba1567f5c7d93d001cafc34600cee003eda787e483f"

[[package]]
name = "winapi"
version = "0.3.9"
source = "registry+https://github.com/rust-lang/crates.io-index"
checksum = "5c839a674fcd7a98952e593242ea400abe93992746761e38641405d28b00f419"
dependencies = [
 "winapi-i686-pc-windows-gnu",
 "winapi-x86_64-pc-windows-gnu",
]

[[package]]
name = "winapi-i686-pc-windows-gnu"
version = "0.4.0"
source = "registry+https://github.com/rust-lang/crates.io-index"
checksum = "ac3b87c63620426dd9b991e5ce0329eff545bccbbb34f3be09ff6fb6ab51b7b6"

[[package]]
name = "winapi-x86_64-pc-windows-gnu"
version = "0.4.0"
source = "registry+https://github.com/rust-lang/crates.io-index"
checksum = "712e227841d057c1ee1cd2fb22fa7e5a5461ae8e48fa2ca79ec42cfc1931183f"

[[package]]
name = "winnow"
version = "0.4.1"
source = "registry+https://github.com/rust-lang/crates.io-index"
checksum = "ae8970b36c66498d8ff1d66685dc86b91b29db0c7739899012f63a63814b4b28"
dependencies = [
 "memchr",
]
